
Microsoft Visual Studio Solution File, Format Version 12.00
# Visual Studio Version 17
VisualStudioVersion = 17.7.34031.279
MinimumVisualStudioVersion = 10.0.40219.1
Project("{FAE04EC0-301F-11D3-BF4B-00C04F79EFBC}") = "struct_Consumo", "struct_Consumo\struct_Consumo.csproj", "{30920CC7-B59D-4EDE-B08D-54CADA5D9BD3}"
EndProject
Global
	GlobalSection(SolutionConfigurationPlatforms) = preSolution
		Debug|Any CPU = Debug|Any CPU
		Release|Any CPU = Release|Any CPU
	EndGlobalSection
	GlobalSection(ProjectConfigurationPlatforms) = postSolution
		{30920CC7-B59D-4EDE-B08D-54CADA5D9BD3}.Debug|Any CPU.ActiveCfg = Debug|Any CPU
		{30920CC7-B59D-4EDE-B08D-54CADA5D9BD3}.Debug|Any CPU.Build.0 = Debug|Any CPU
		{30920CC7-B59D-4EDE-B08D-54CADA5D9BD3}.Release|Any CPU.ActiveCfg = Release|Any CPU
		{30920CC7-B59D-4EDE-B08D-54CADA5D9BD3}.Release|Any CPU.Build.0 = Release|Any CPU
	EndGlobalSection
	GlobalSection(SolutionProperties) = preSolution
		HideSolutionNode = FALSE
	EndGlobalSection
	GlobalSection(ExtensibilityGlobals) = postSolution
		SolutionGuid = {60C5DB02-E605-4474-AD02-5FD0E676AB99}
	EndGlobalSection
EndGlobal
